
Microsoft Visual Studio Solution File, Format Version 12.00
# Visual Studio Version 17
VisualStudioVersion = 17.9.34723.18
MinimumVisualStudioVersion = 10.0.40219.1
Project("{9A19103F-16F7-4668-BE54-9A1E7A4F7556}") = "AzureFunctionApp.Demos.CosmosDB.IsolatedWorkerModel", "AzureFunctionApp.Demos.CosmosDB.IsolatedWorkerModel\AzureFunctionApp.Demos.CosmosDB.IsolatedWorkerModel.csproj", "{8C625325-E589-4FA9-A92D-13D179619BB8}"
EndProject
Project("{9A19103F-16F7-4668-BE54-9A1E7A4F7556}") = "FunctionAppMiddleware", "FunctionAppMiddleware\FunctionAppMiddleware.csproj", "{EB88E1E3-0788-45FF-B8AA-C13449E71B13}"
EndProject
Project("{9A19103F-16F7-4668-BE54-9A1E7A4F7556}") = "AzureFunction.IsolationWorkerd.CosmosDB", "AzureFunction.IsolationWorkerd.CosmosDB\AzureFunction.IsolationWorkerd.CosmosDB.csproj", "{3BFE25F7-736F-4C82-8FB4-B86E81BDFF62}"
EndProject
Project("{FAE04EC0-301F-11D3-BF4B-00C04F79EFBC}") = "FunctionAppSample", "FunctionAppSample\FunctionAppSample.csproj", "{A276C79E-30F1-44C2-8E69-5766CCA31E54}"
EndProject
Global
	GlobalSection(SolutionConfigurationPlatforms) = preSolution
		Debug|Any CPU = Debug|Any CPU
		Release|Any CPU = Release|Any CPU
	EndGlobalSection
	GlobalSection(ProjectConfigurationPlatforms) = postSolution
		{8C625325-E589-4FA9-A92D-13D179619BB8}.Debug|Any CPU.ActiveCfg = Debug|Any CPU
		{8C625325-E589-4FA9-A92D-13D179619BB8}.Debug|Any CPU.Build.0 = Debug|Any CPU
		{8C625325-E589-4FA9-A92D-13D179619BB8}.Release|Any CPU.ActiveCfg = Release|Any CPU
		{8C625325-E589-4FA9-A92D-13D179619BB8}.Release|Any CPU.Build.0 = Release|Any CPU
		{EB88E1E3-0788-45FF-B8AA-C13449E71B13}.Debug|Any CPU.ActiveCfg = Debug|Any CPU
		{EB88E1E3-0788-45FF-B8AA-C13449E71B13}.Debug|Any CPU.Build.0 = Debug|Any CPU
		{EB88E1E3-0788-45FF-B8AA-C13449E71B13}.Release|Any CPU.ActiveCfg = Release|Any CPU
		{EB88E1E3-0788-45FF-B8AA-C13449E71B13}.Release|Any CPU.Build.0 = Release|Any CPU
		{3BFE25F7-736F-4C82-8FB4-B86E81BDFF62}.Debug|Any CPU.ActiveCfg = Debug|Any CPU
		{3BFE25F7-736F-4C82-8FB4-B86E81BDFF62}.Debug|Any CPU.Build.0 = Debug|Any CPU
		{3BFE25F7-736F-4C82-8FB4-B86E81BDFF62}.Release|Any CPU.ActiveCfg = Release|Any CPU
		{3BFE25F7-736F-4C82-8FB4-B86E81BDFF62}.Release|Any CPU.Build.0 = Release|Any CPU
		{A276C79E-30F1-44C2-8E69-5766CCA31E54}.Debug|Any CPU.ActiveCfg = Debug|Any CPU
		{A276C79E-30F1-44C2-8E69-5766CCA31E54}.Debug|Any CPU.Build.0 = Debug|Any CPU
		{A276C79E-30F1-44C2-8E69-5766CCA31E54}.Release|Any CPU.ActiveCfg = Release|Any CPU
		{A276C79E-30F1-44C2-8E69-5766CCA31E54}.Release|Any CPU.Build.0 = Release|Any CPU
	EndGlobalSection
	GlobalSection(SolutionProperties) = preSolution
		HideSolutionNode = FALSE
	EndGlobalSection
	GlobalSection(ExtensibilityGlobals) = postSolution
		SolutionGuid = {342F3C40-2417-4EC9-9DD4-BD8A36F69901}
	EndGlobalSection
EndGlobal
